
Microsoft Visual Studio Solution File, Format Version 12.00
# Visual Studio Version 17
VisualStudioVersion = 17.4.33213.308
MinimumVisualStudioVersion = 10.0.40219.1
Project("{FAE04EC0-301F-11D3-BF4B-00C04F79EFBC}") = "regressionAutomation", "regressionAutomation\regressionAutomation.csproj", "{BCB854FB-8C7C-4AED-A178-F16DCC3BE529}"
EndProject
Global
	GlobalSection(SolutionConfigurationPlatforms) = preSolution
		Debug|Any CPU = Debug|Any CPU
		Release|Any CPU = Release|Any CPU
	EndGlobalSection
	GlobalSection(ProjectConfigurationPlatforms) = postSolution
		{BCB854FB-8C7C-4AED-A178-F16DCC3BE529}.Debug|Any CPU.ActiveCfg = Debug|Any CPU
		{BCB854FB-8C7C-4AED-A178-F16DCC3BE529}.Debug|Any CPU.Build.0 = Debug|Any CPU
		{BCB854FB-8C7C-4AED-A178-F16DCC3BE529}.Release|Any CPU.ActiveCfg = Release|Any CPU
		{BCB854FB-8C7C-4AED-A178-F16DCC3BE529}.Release|Any CPU.Build.0 = Release|Any CPU
	EndGlobalSection
	GlobalSection(SolutionProperties) = preSolution
		HideSolutionNode = FALSE
	EndGlobalSection
	GlobalSection(ExtensibilityGlobals) = postSolution
		SolutionGuid = {10115B29-101D-4571-B5EC-1EDD5E3A20E8}
	EndGlobalSection
EndGlobal
